
Microsoft Visual Studio Solution File, Format Version 12.00
# Visual Studio 15
VisualStudioVersion = 15.0.27004.2002
MinimumVisualStudioVersion = 10.0.40219.1
Project("{FAE04EC0-301F-11D3-BF4B-00C04F79EFBC}") = "InventoryService", "InventoryService\InventoryService.csproj", "{2B7FEF58-1A26-48E5-A7C1-418C6A760E2F}"
EndProject
Global
	GlobalSection(SolutionConfigurationPlatforms) = preSolution
		Debug|Any CPU = Debug|Any CPU
		Release|Any CPU = Release|Any CPU
	EndGlobalSection
	GlobalSection(ProjectConfigurationPlatforms) = postSolution
		{2B7FEF58-1A26-48E5-A7C1-418C6A760E2F}.Debug|Any CPU.ActiveCfg = Debug|Any CPU
		{2B7FEF58-1A26-48E5-A7C1-418C6A760E2F}.Debug|Any CPU.Build.0 = Debug|Any CPU
		{2B7FEF58-1A26-48E5-A7C1-418C6A760E2F}.Release|Any CPU.ActiveCfg = Release|Any CPU
		{2B7FEF58-1A26-48E5-A7C1-418C6A760E2F}.Release|Any CPU.Build.0 = Release|Any CPU
	EndGlobalSection
	GlobalSection(SolutionProperties) = preSolution
		HideSolutionNode = FALSE
	EndGlobalSection
	GlobalSection(ExtensibilityGlobals) = postSolution
		SolutionGuid = {F955D27F-1171-49DC-8290-FE05793E1CFD}
	EndGlobalSection
EndGlobal
